
Microsoft Visual Studio Solution File, Format Version 11.00
# Visual Studio 2010
Project("{FAE04EC0-301F-11D3-BF4B-00C04F79EFBC}") = "Assembly-CSharp", "Assembly-CSharp.csproj", "{05bca646-7a87-f5b7-fc35-36735e993d91}"
EndProject
Project("{FAE04EC0-301F-11D3-BF4B-00C04F79EFBC}") = "Assembly-CSharp-firstpass", "Assembly-CSharp-firstpass.csproj", "{82854233-935e-034b-1ad0-00613da93c16}"
EndProject
Global
	GlobalSection(SolutionConfigurationPlatforms) = preSolution
		Debug|Any CPU = Debug|Any CPU
	EndGlobalSection
	GlobalSection(ProjectConfigurationPlatforms) = postSolution
		{05bca646-7a87-f5b7-fc35-36735e993d91}.Debug|Any CPU.ActiveCfg = Debug|Any CPU
		{05bca646-7a87-f5b7-fc35-36735e993d91}.Debug|Any CPU.Build.0 = Debug|Any CPU
		{82854233-935e-034b-1ad0-00613da93c16}.Debug|Any CPU.ActiveCfg = Debug|Any CPU
		{82854233-935e-034b-1ad0-00613da93c16}.Debug|Any CPU.Build.0 = Debug|Any CPU
	EndGlobalSection
	GlobalSection(SolutionProperties) = preSolution
		HideSolutionNode = FALSE
	EndGlobalSection
EndGlobal
